
Microsoft Visual Studio Solution File, Format Version 12.00
# Visual Studio Version 17
VisualStudioVersion = 17.0.31512.422
MinimumVisualStudioVersion = 10.0.40219.1
Project("{9A19103F-16F7-4668-BE54-9A1E7A4F7556}") = "WaypointConverter", "WaypointConverter\WaypointConverter.csproj", "{6E387E4F-2051-4D16-B596-A453B3568D03}"
EndProject
Project("{9A19103F-16F7-4668-BE54-9A1E7A4F7556}") = "KMLCreator", "KMLCreator\KMLCreator.csproj", "{E491C3EB-5F18-4E7B-BC2C-D15796E5FE2A}"
EndProject
Project("{778DAE3C-4631-46EA-AA77-85C1314464D9}") = "BuildingStripper", "BuildingStripper\BuildingStripper.vbproj", "{A9742E34-386A-4780-B2B5-41C171C7B881}"
EndProject
Project("{778DAE3C-4631-46EA-AA77-85C1314464D9}") = "FixFiller", "FixFiller\FixFiller.vbproj", "{E59F4670-1B3E-491B-82CD-43B09598BC13}"
EndProject
Project("{9A19103F-16F7-4668-BE54-9A1E7A4F7556}") = "NavigraphConverter", "NavigraphConverter\NavigraphConverter.csproj", "{9AEB666F-5464-47E7-BF6E-DF3537AD3314}"
EndProject
Project("{778DAE3C-4631-46EA-AA77-85C1314464D9}") = "FixStripper", "FixStripper\FixStripper.vbproj", "{D4F4082C-B8E9-4889-946F-4F823187817E}"
EndProject
Project("{778DAE3C-4631-46EA-AA77-85C1314464D9}") = "MVAConverter", "MVAConverter\MVAConverter.vbproj", "{D88395B8-6DAD-4B81-9458-7288266E7BED}"
EndProject
Project("{9A19103F-16F7-4668-BE54-9A1E7A4F7556}") = "TECConverter", "TECConverter\TECConverter.csproj", "{E01CA821-0461-4B9A-929D-FFF22063C19F}"
EndProject
Project("{778DAE3C-4631-46EA-AA77-85C1314464D9}") = "WesSectorUtils", "WesSectorUtils\WesSectorUtils.vbproj", "{3D1E9A67-03FC-460C-9FC6-14F150A9E88A}"
EndProject
Project("{9A19103F-16F7-4668-BE54-9A1E7A4F7556}") = "AntennaEdit", "AntennaEdit\AntennaEdit.csproj", "{774953EC-DCD4-4E22-89A5-25C8B8353D03}"
EndProject
Project("{9A19103F-16F7-4668-BE54-9A1E7A4F7556}") = "SectorGenerator", "SectorGenerator\SectorGenerator.csproj", "{49B6EC9A-9030-4734-854D-67072CFC9523}"
EndProject
Project("{9A19103F-16F7-4668-BE54-9A1E7A4F7556}") = "CIFPReader", "..\Personal\CIFPReader\CIFPReader.csproj", "{EBF20EE8-9F8D-4A28-B82E-F8C44FD7C2AF}"
EndProject
Project("{9A19103F-16F7-4668-BE54-9A1E7A4F7556}") = "GroundLayouts", "GroundLayouts\GroundLayouts.csproj", "{7011DD73-0B82-4EC1-80B1-74131373E172}"
EndProject
Project("{F2A71F9B-5D33-465A-A702-920D77279786}") = "FraChecker", "FraChecker\FraChecker.fsproj", "{23BC6CB3-AFC8-4AC7-A2BB-4046D7F7B463}"
EndProject
Global
	GlobalSection(SolutionConfigurationPlatforms) = preSolution
		Debug|Any CPU = Debug|Any CPU
		Release|Any CPU = Release|Any CPU
	EndGlobalSection
	GlobalSection(ProjectConfigurationPlatforms) = postSolution
		{6E387E4F-2051-4D16-B596-A453B3568D03}.Debug|Any CPU.ActiveCfg = Debug|Any CPU
		{6E387E4F-2051-4D16-B596-A453B3568D03}.Debug|Any CPU.Build.0 = Debug|Any CPU
		{6E387E4F-2051-4D16-B596-A453B3568D03}.Release|Any CPU.ActiveCfg = Release|Any CPU
		{6E387E4F-2051-4D16-B596-A453B3568D03}.Release|Any CPU.Build.0 = Release|Any CPU
		{E491C3EB-5F18-4E7B-BC2C-D15796E5FE2A}.Debug|Any CPU.ActiveCfg = Debug|Any CPU
		{E491C3EB-5F18-4E7B-BC2C-D15796E5FE2A}.Debug|Any CPU.Build.0 = Debug|Any CPU
		{E491C3EB-5F18-4E7B-BC2C-D15796E5FE2A}.Release|Any CPU.ActiveCfg = Release|Any CPU
		{E491C3EB-5F18-4E7B-BC2C-D15796E5FE2A}.Release|Any CPU.Build.0 = Release|Any CPU
		{A9742E34-386A-4780-B2B5-41C171C7B881}.Debug|Any CPU.ActiveCfg = Debug|Any CPU
		{A9742E34-386A-4780-B2B5-41C171C7B881}.Debug|Any CPU.Build.0 = Debug|Any CPU
		{A9742E34-386A-4780-B2B5-41C171C7B881}.Release|Any CPU.ActiveCfg = Release|Any CPU
		{A9742E34-386A-4780-B2B5-41C171C7B881}.Release|Any CPU.Build.0 = Release|Any CPU
		{E59F4670-1B3E-491B-82CD-43B09598BC13}.Debug|Any CPU.ActiveCfg = Debug|Any CPU
		{E59F4670-1B3E-491B-82CD-43B09598BC13}.Debug|Any CPU.Build.0 = Debug|Any CPU
		{E59F4670-1B3E-491B-82CD-43B09598BC13}.Release|Any CPU.ActiveCfg = Release|Any CPU
		{E59F4670-1B3E-491B-82CD-43B09598BC13}.Release|Any CPU.Build.0 = Release|Any CPU
		{9AEB666F-5464-47E7-BF6E-DF3537AD3314}.Debug|Any CPU.ActiveCfg = Debug|Any CPU
		{9AEB666F-5464-47E7-BF6E-DF3537AD3314}.Debug|Any CPU.Build.0 = Debug|Any CPU
		{9AEB666F-5464-47E7-BF6E-DF3537AD3314}.Release|Any CPU.ActiveCfg = Release|Any CPU
		{9AEB666F-5464-47E7-BF6E-DF3537AD3314}.Release|Any CPU.Build.0 = Release|Any CPU
		{D4F4082C-B8E9-4889-946F-4F823187817E}.Debug|Any CPU.ActiveCfg = Debug|Any CPU
		{D4F4082C-B8E9-4889-946F-4F823187817E}.Debug|Any CPU.Build.0 = Debug|Any CPU
		{D4F4082C-B8E9-4889-946F-4F823187817E}.Release|Any CPU.ActiveCfg = Release|Any CPU
		{D4F4082C-B8E9-4889-946F-4F823187817E}.Release|Any CPU.Build.0 = Release|Any CPU
		{D88395B8-6DAD-4B81-9458-7288266E7BED}.Debug|Any CPU.ActiveCfg = Debug|Any CPU
		{D88395B8-6DAD-4B81-9458-7288266E7BED}.Debug|Any CPU.Build.0 = Debug|Any CPU
		{D88395B8-6DAD-4B81-9458-7288266E7BED}.Release|Any CPU.ActiveCfg = Release|Any CPU
		{D88395B8-6DAD-4B81-9458-7288266E7BED}.Release|Any CPU.Build.0 = Release|Any CPU
		{E01CA821-0461-4B9A-929D-FFF22063C19F}.Debug|Any CPU.ActiveCfg = Debug|Any CPU
		{E01CA821-0461-4B9A-929D-FFF22063C19F}.Debug|Any CPU.Build.0 = Debug|Any CPU
		{E01CA821-0461-4B9A-929D-FFF22063C19F}.Release|Any CPU.ActiveCfg = Release|Any CPU
		{E01CA821-0461-4B9A-929D-FFF22063C19F}.Release|Any CPU.Build.0 = Release|Any CPU
		{3D1E9A67-03FC-460C-9FC6-14F150A9E88A}.Debug|Any CPU.ActiveCfg = Debug|Any CPU
		{3D1E9A67-03FC-460C-9FC6-14F150A9E88A}.Debug|Any CPU.Build.0 = Debug|Any CPU
		{3D1E9A67-03FC-460C-9FC6-14F150A9E88A}.Release|Any CPU.ActiveCfg = Release|Any CPU
		{3D1E9A67-03FC-460C-9FC6-14F150A9E88A}.Release|Any CPU.Build.0 = Release|Any CPU
		{774953EC-DCD4-4E22-89A5-25C8B8353D03}.Debug|Any CPU.ActiveCfg = Debug|Any CPU
		{774953EC-DCD4-4E22-89A5-25C8B8353D03}.Debug|Any CPU.Build.0 = Debug|Any CPU
		{774953EC-DCD4-4E22-89A5-25C8B8353D03}.Release|Any CPU.ActiveCfg = Release|Any CPU
		{774953EC-DCD4-4E22-89A5-25C8B8353D03}.Release|Any CPU.Build.0 = Release|Any CPU
		{49B6EC9A-9030-4734-854D-67072CFC9523}.Debug|Any CPU.ActiveCfg = Debug|Any CPU
		{49B6EC9A-9030-4734-854D-67072CFC9523}.Debug|Any CPU.Build.0 = Debug|Any CPU
		{49B6EC9A-9030-4734-854D-67072CFC9523}.Release|Any CPU.ActiveCfg = Release|Any CPU
		{49B6EC9A-9030-4734-854D-67072CFC9523}.Release|Any CPU.Build.0 = Release|Any CPU
		{EBF20EE8-9F8D-4A28-B82E-F8C44FD7C2AF}.Debug|Any CPU.ActiveCfg = Debug|Any CPU
		{EBF20EE8-9F8D-4A28-B82E-F8C44FD7C2AF}.Debug|Any CPU.Build.0 = Debug|Any CPU
		{EBF20EE8-9F8D-4A28-B82E-F8C44FD7C2AF}.Release|Any CPU.ActiveCfg = Release|Any CPU
		{EBF20EE8-9F8D-4A28-B82E-F8C44FD7C2AF}.Release|Any CPU.Build.0 = Release|Any CPU
		{7011DD73-0B82-4EC1-80B1-74131373E172}.Debug|Any CPU.ActiveCfg = Debug|Any CPU
		{7011DD73-0B82-4EC1-80B1-74131373E172}.Debug|Any CPU.Build.0 = Debug|Any CPU
		{7011DD73-0B82-4EC1-80B1-74131373E172}.Release|Any CPU.ActiveCfg = Release|Any CPU
		{7011DD73-0B82-4EC1-80B1-74131373E172}.Release|Any CPU.Build.0 = Release|Any CPU
		{23BC6CB3-AFC8-4AC7-A2BB-4046D7F7B463}.Debug|Any CPU.ActiveCfg = Debug|Any CPU
		{23BC6CB3-AFC8-4AC7-A2BB-4046D7F7B463}.Debug|Any CPU.Build.0 = Debug|Any CPU
		{23BC6CB3-AFC8-4AC7-A2BB-4046D7F7B463}.Release|Any CPU.ActiveCfg = Release|Any CPU
		{23BC6CB3-AFC8-4AC7-A2BB-4046D7F7B463}.Release|Any CPU.Build.0 = Release|Any CPU
	EndGlobalSection
	GlobalSection(SolutionProperties) = preSolution
		HideSolutionNode = FALSE
	EndGlobalSection
	GlobalSection(ExtensibilityGlobals) = postSolution
		SolutionGuid = {04FE1F68-218F-4C11-9180-08A4A9542BDF}
	EndGlobalSection
EndGlobal
