
Microsoft Visual Studio Solution File, Format Version 12.00
# Visual Studio Version 17
VisualStudioVersion = 17.0.31512.422
MinimumVisualStudioVersion = 10.0.40219.1
Project("{9A19103F-16F7-4668-BE54-9A1E7A4F7556}") = "SectorGenerator", "SectorGenerator\SectorGenerator.csproj", "{49B6EC9A-9030-4734-854D-67072CFC9523}"
EndProject
Project("{9A19103F-16F7-4668-BE54-9A1E7A4F7556}") = "CIFPReader", "CIFPReader\CIFPReader.csproj", "{EBF20EE8-9F8D-4A28-B82E-F8C44FD7C2AF}"
EndProject
Project("{2150E333-8FDC-42A3-9474-1A3956D46DE8}") = "Solution Items", "Solution Items", "{B17FFDE1-932F-445B-B805-4805B049964D}"
	ProjectSection(SolutionItems) = preProject
		.editorconfig = .editorconfig
	EndProjectSection
EndProject
Project("{FAE04EC0-301F-11D3-BF4B-00C04F79EFBC}") = "ManualAdjustments", "ManualAdjustments\ManualAdjustments.csproj", "{D1CC93CE-63E9-4FFA-A561-544892826D99}"
EndProject
Project("{FAE04EC0-301F-11D3-BF4B-00C04F79EFBC}") = "ManualAdjustments.LSP", "ManualAdjustments.LSP\ManualAdjustments.LSP.csproj", "{7CE066BB-7151-4F41-9319-4C661F8C1C9D}"
EndProject
Project("{FAE04EC0-301F-11D3-BF4B-00C04F79EFBC}") = "ReverseFrd", "ReverseFrd\ReverseFrd.csproj", "{901771C6-6314-4B93-90CC-64EEC299FA38}"
EndProject
Global
	GlobalSection(SolutionConfigurationPlatforms) = preSolution
		Debug|Any CPU = Debug|Any CPU
		Release|Any CPU = Release|Any CPU
	EndGlobalSection
	GlobalSection(ProjectConfigurationPlatforms) = postSolution
		{49B6EC9A-9030-4734-854D-67072CFC9523}.Debug|Any CPU.ActiveCfg = Debug|Any CPU
		{49B6EC9A-9030-4734-854D-67072CFC9523}.Debug|Any CPU.Build.0 = Debug|Any CPU
		{49B6EC9A-9030-4734-854D-67072CFC9523}.Release|Any CPU.ActiveCfg = Release|Any CPU
		{49B6EC9A-9030-4734-854D-67072CFC9523}.Release|Any CPU.Build.0 = Release|Any CPU
		{EBF20EE8-9F8D-4A28-B82E-F8C44FD7C2AF}.Debug|Any CPU.ActiveCfg = Debug|Any CPU
		{EBF20EE8-9F8D-4A28-B82E-F8C44FD7C2AF}.Debug|Any CPU.Build.0 = Debug|Any CPU
		{EBF20EE8-9F8D-4A28-B82E-F8C44FD7C2AF}.Release|Any CPU.ActiveCfg = Release|Any CPU
		{EBF20EE8-9F8D-4A28-B82E-F8C44FD7C2AF}.Release|Any CPU.Build.0 = Release|Any CPU
		{D1CC93CE-63E9-4FFA-A561-544892826D99}.Debug|Any CPU.ActiveCfg = Debug|Any CPU
		{D1CC93CE-63E9-4FFA-A561-544892826D99}.Debug|Any CPU.Build.0 = Debug|Any CPU
		{D1CC93CE-63E9-4FFA-A561-544892826D99}.Release|Any CPU.ActiveCfg = Release|Any CPU
		{D1CC93CE-63E9-4FFA-A561-544892826D99}.Release|Any CPU.Build.0 = Release|Any CPU
		{7CE066BB-7151-4F41-9319-4C661F8C1C9D}.Debug|Any CPU.ActiveCfg = Debug|Any CPU
		{7CE066BB-7151-4F41-9319-4C661F8C1C9D}.Debug|Any CPU.Build.0 = Debug|Any CPU
		{7CE066BB-7151-4F41-9319-4C661F8C1C9D}.Release|Any CPU.ActiveCfg = Release|Any CPU
		{7CE066BB-7151-4F41-9319-4C661F8C1C9D}.Release|Any CPU.Build.0 = Release|Any CPU
		{901771C6-6314-4B93-90CC-64EEC299FA38}.Debug|Any CPU.ActiveCfg = Debug|Any CPU
		{901771C6-6314-4B93-90CC-64EEC299FA38}.Debug|Any CPU.Build.0 = Debug|Any CPU
		{901771C6-6314-4B93-90CC-64EEC299FA38}.Release|Any CPU.ActiveCfg = Release|Any CPU
		{901771C6-6314-4B93-90CC-64EEC299FA38}.Release|Any CPU.Build.0 = Release|Any CPU
	EndGlobalSection
	GlobalSection(SolutionProperties) = preSolution
		HideSolutionNode = FALSE
	EndGlobalSection
	GlobalSection(ExtensibilityGlobals) = postSolution
		SolutionGuid = {04FE1F68-218F-4C11-9180-08A4A9542BDF}
	EndGlobalSection
EndGlobal
